
Microsoft Visual Studio Solution File, Format Version 12.00
# Visual Studio Version 17
VisualStudioVersion = 17.7.34031.279
MinimumVisualStudioVersion = 10.0.40219.1
Project("{8BC9CEB8-8B4A-11D0-8D11-00A0C91BC942}") = "FAT32-NTFS", "FAT32-NTFS\FAT32-NTFS.vcxproj", "{E7DC2824-B599-4EBC-BC76-014AEB35E345}"
EndProject
Global
	GlobalSection(SolutionConfigurationPlatforms) = preSolution
		Debug|x64 = Debug|x64
		Debug|x86 = Debug|x86
		Release|x64 = Release|x64
		Release|x86 = Release|x86
	EndGlobalSection
	GlobalSection(ProjectConfigurationPlatforms) = postSolution
		{E7DC2824-B599-4EBC-BC76-014AEB35E345}.Debug|x64.ActiveCfg = Debug|x64
		{E7DC2824-B599-4EBC-BC76-014AEB35E345}.Debug|x64.Build.0 = Debug|x64
		{E7DC2824-B599-4EBC-BC76-014AEB35E345}.Debug|x86.ActiveCfg = Debug|Win32
		{E7DC2824-B599-4EBC-BC76-014AEB35E345}.Debug|x86.Build.0 = Debug|Win32
		{E7DC2824-B599-4EBC-BC76-014AEB35E345}.Release|x64.ActiveCfg = Release|x64
		{E7DC2824-B599-4EBC-BC76-014AEB35E345}.Release|x64.Build.0 = Release|x64
		{E7DC2824-B599-4EBC-BC76-014AEB35E345}.Release|x86.ActiveCfg = Release|Win32
		{E7DC2824-B599-4EBC-BC76-014AEB35E345}.Release|x86.Build.0 = Release|Win32
	EndGlobalSection
	GlobalSection(SolutionProperties) = preSolution
		HideSolutionNode = FALSE
	EndGlobalSection
	GlobalSection(ExtensibilityGlobals) = postSolution
		SolutionGuid = {0D452102-F57C-4BA4-9480-5C791C91EBBD}
	EndGlobalSection
EndGlobal
